
Microsoft Visual Studio Solution File, Format Version 12.00
# Visual Studio Version 17
VisualStudioVersion = 17.0.31912.275
MinimumVisualStudioVersion = 10.0.40219.1
Project("{FAE04EC0-301F-11D3-BF4B-00C04F79EFBC}") = "CarProject", "CarProject\CarProject.csproj", "{CE67AF1C-5755-4403-BE0E-33A3B4037629}"
EndProject
Global
	GlobalSection(SolutionConfigurationPlatforms) = preSolution
		Debug|Any CPU = Debug|Any CPU
		Release|Any CPU = Release|Any CPU
	EndGlobalSection
	GlobalSection(ProjectConfigurationPlatforms) = postSolution
		{CE67AF1C-5755-4403-BE0E-33A3B4037629}.Debug|Any CPU.ActiveCfg = Debug|Any CPU
		{CE67AF1C-5755-4403-BE0E-33A3B4037629}.Debug|Any CPU.Build.0 = Debug|Any CPU
		{CE67AF1C-5755-4403-BE0E-33A3B4037629}.Release|Any CPU.ActiveCfg = Release|Any CPU
		{CE67AF1C-5755-4403-BE0E-33A3B4037629}.Release|Any CPU.Build.0 = Release|Any CPU
	EndGlobalSection
	GlobalSection(SolutionProperties) = preSolution
		HideSolutionNode = FALSE
	EndGlobalSection
	GlobalSection(ExtensibilityGlobals) = postSolution
		SolutionGuid = {D50CE885-7309-4CEF-8F9D-82CC9E2332DD}
	EndGlobalSection
EndGlobal
